
Microsoft Visual Studio Solution File, Format Version 12.00
# Visual Studio Version 16
VisualStudioVersion = 16.0.31624.102
MinimumVisualStudioVersion = 10.0.40219.1
Project("{2150E333-8FDC-42A3-9474-1A3956D46DE8}") = "src", "src", "{516A0642-02C8-4655-A4CC-0C06C9A70C33}"
EndProject
Project("{2150E333-8FDC-42A3-9474-1A3956D46DE8}") = "Api", "Api", "{97A13094-F60C-4CAF-B48A-41A6750E70F1}"
EndProject
Project("{2150E333-8FDC-42A3-9474-1A3956D46DE8}") = "Clients", "Clients", "{7F08900B-4F30-4FBD-90B5-4FE1602C8C26}"
EndProject
Project("{2150E333-8FDC-42A3-9474-1A3956D46DE8}") = "Common", "Common", "{F5114A63-A5EF-4372-B847-F461217D6042}"
EndProject
Project("{2150E333-8FDC-42A3-9474-1A3956D46DE8}") = "Projections", "Projections", "{35A72E9D-6EBF-4A89-9C5F-3921F7D8778C}"
EndProject
Project("{2150E333-8FDC-42A3-9474-1A3956D46DE8}") = "Core", "Core", "{B1A641BE-D061-4334-AFFB-9E68D203F580}"
EndProject
Project("{2150E333-8FDC-42A3-9474-1A3956D46DE8}") = "Infrastructure", "Infrastructure", "{3F24DE1D-57D4-4AA4-8D71-3CEB5D11EEB5}"
EndProject
Project("{2150E333-8FDC-42A3-9474-1A3956D46DE8}") = "WebApi", "WebApi", "{9EB8331C-5A72-44BB-913F-175FF873CF07}"
EndProject
Project("{2150E333-8FDC-42A3-9474-1A3956D46DE8}") = "BlazorWeb", "BlazorWeb", "{D86BB30E-9656-45C5-AF30-2079D44A5079}"
EndProject
Project("{FAE04EC0-301F-11D3-BF4B-00C04F79EFBC}") = "BlazorSozluk.Common", "src\Common\BlazorSozluk.Common\BlazorSozluk.Common.csproj", "{50D170A3-9A64-45AD-8F51-89AC6888D461}"
EndProject
Project("{FAE04EC0-301F-11D3-BF4B-00C04F79EFBC}") = "BlazorSozluk.Api.Domain", "src\Api\Core\BlazorSozluk.Api.Domain\BlazorSozluk.Api.Domain.csproj", "{260415F0-6115-4E6D-A0EB-6AA8387763AF}"
EndProject
Project("{FAE04EC0-301F-11D3-BF4B-00C04F79EFBC}") = "BlazorSozluk.Api.Application", "src\Api\Core\BlazorSozluk.Api.Application\BlazorSozluk.Api.Application.csproj", "{86A9E66C-08BF-460A-BD7F-03CC9DBC3CB5}"
EndProject
Project("{FAE04EC0-301F-11D3-BF4B-00C04F79EFBC}") = "BlazorSozluk.Infrastructure.Persistence", "src\Api\Infrastructure\BlazorSozluk.Infrastructure.Persistence\BlazorSozluk.Infrastructure.Persistence.csproj", "{6999E41F-844E-457A-895B-BAAE2AD9F490}"
EndProject
Project("{FAE04EC0-301F-11D3-BF4B-00C04F79EFBC}") = "BlazorSozluk.Api.WebApi", "src\Api\WebApi\BlazorSozluk.Api.WebApi\BlazorSozluk.Api.WebApi.csproj", "{32A8E939-55CD-4139-AD15-2AFC42749BF2}"
EndProject
Project("{FAE04EC0-301F-11D3-BF4B-00C04F79EFBC}") = "BlazorSozluk.Projections.FavoriteService", "src\Projections\BlazorSozluk.Projections.FavoriteService\BlazorSozluk.Projections.FavoriteService.csproj", "{DA7B47E8-71BE-4047-B316-390C2676C8C2}"
EndProject
Project("{FAE04EC0-301F-11D3-BF4B-00C04F79EFBC}") = "BlazorSozluk.Projections.UserService", "src\Projections\BlazorSozluk.Projections.UserService\BlazorSozluk.Projections.UserService.csproj", "{976E1D3B-A2F2-4D5B-9036-C62DC8C218B9}"
EndProject
Project("{FAE04EC0-301F-11D3-BF4B-00C04F79EFBC}") = "BlazorSozluk.Projections.VoteService", "src\Projections\BlazorSozluk.Projections.VoteService\BlazorSozluk.Projections.VoteService.csproj", "{F1369FAC-3D39-43FC-B822-D5EC98E58963}"
EndProject
Project("{FAE04EC0-301F-11D3-BF4B-00C04F79EFBC}") = "BlazorSozluk.WebApp", "src\Clients\BlazorWeb\BlazorSozluk.WebApp\BlazorSozluk.WebApp.csproj", "{7EE6DCD9-E715-4379-8F1A-120DB9DC72A3}"
EndProject
Global
	GlobalSection(SolutionConfigurationPlatforms) = preSolution
		Debug|Any CPU = Debug|Any CPU
		Release|Any CPU = Release|Any CPU
	EndGlobalSection
	GlobalSection(ProjectConfigurationPlatforms) = postSolution
		{50D170A3-9A64-45AD-8F51-89AC6888D461}.Debug|Any CPU.ActiveCfg = Debug|Any CPU
		{50D170A3-9A64-45AD-8F51-89AC6888D461}.Debug|Any CPU.Build.0 = Debug|Any CPU
		{50D170A3-9A64-45AD-8F51-89AC6888D461}.Release|Any CPU.ActiveCfg = Release|Any CPU
		{50D170A3-9A64-45AD-8F51-89AC6888D461}.Release|Any CPU.Build.0 = Release|Any CPU
		{260415F0-6115-4E6D-A0EB-6AA8387763AF}.Debug|Any CPU.ActiveCfg = Debug|Any CPU
		{260415F0-6115-4E6D-A0EB-6AA8387763AF}.Debug|Any CPU.Build.0 = Debug|Any CPU
		{260415F0-6115-4E6D-A0EB-6AA8387763AF}.Release|Any CPU.ActiveCfg = Release|Any CPU
		{260415F0-6115-4E6D-A0EB-6AA8387763AF}.Release|Any CPU.Build.0 = Release|Any CPU
		{86A9E66C-08BF-460A-BD7F-03CC9DBC3CB5}.Debug|Any CPU.ActiveCfg = Debug|Any CPU
		{86A9E66C-08BF-460A-BD7F-03CC9DBC3CB5}.Debug|Any CPU.Build.0 = Debug|Any CPU
		{86A9E66C-08BF-460A-BD7F-03CC9DBC3CB5}.Release|Any CPU.ActiveCfg = Release|Any CPU
		{86A9E66C-08BF-460A-BD7F-03CC9DBC3CB5}.Release|Any CPU.Build.0 = Release|Any CPU
		{6999E41F-844E-457A-895B-BAAE2AD9F490}.Debug|Any CPU.ActiveCfg = Debug|Any CPU
		{6999E41F-844E-457A-895B-BAAE2AD9F490}.Debug|Any CPU.Build.0 = Debug|Any CPU
		{6999E41F-844E-457A-895B-BAAE2AD9F490}.Release|Any CPU.ActiveCfg = Release|Any CPU
		{6999E41F-844E-457A-895B-BAAE2AD9F490}.Release|Any CPU.Build.0 = Release|Any CPU
		{32A8E939-55CD-4139-AD15-2AFC42749BF2}.Debug|Any CPU.ActiveCfg = Debug|Any CPU
		{32A8E939-55CD-4139-AD15-2AFC42749BF2}.Debug|Any CPU.Build.0 = Debug|Any CPU
		{32A8E939-55CD-4139-AD15-2AFC42749BF2}.Release|Any CPU.ActiveCfg = Release|Any CPU
		{32A8E939-55CD-4139-AD15-2AFC42749BF2}.Release|Any CPU.Build.0 = Release|Any CPU
		{DA7B47E8-71BE-4047-B316-390C2676C8C2}.Debug|Any CPU.ActiveCfg = Debug|Any CPU
		{DA7B47E8-71BE-4047-B316-390C2676C8C2}.Debug|Any CPU.Build.0 = Debug|Any CPU
		{DA7B47E8-71BE-4047-B316-390C2676C8C2}.Release|Any CPU.ActiveCfg = Release|Any CPU
		{DA7B47E8-71BE-4047-B316-390C2676C8C2}.Release|Any CPU.Build.0 = Release|Any CPU
		{976E1D3B-A2F2-4D5B-9036-C62DC8C218B9}.Debug|Any CPU.ActiveCfg = Debug|Any CPU
		{976E1D3B-A2F2-4D5B-9036-C62DC8C218B9}.Debug|Any CPU.Build.0 = Debug|Any CPU
		{976E1D3B-A2F2-4D5B-9036-C62DC8C218B9}.Release|Any CPU.ActiveCfg = Release|Any CPU
		{976E1D3B-A2F2-4D5B-9036-C62DC8C218B9}.Release|Any CPU.Build.0 = Release|Any CPU
		{F1369FAC-3D39-43FC-B822-D5EC98E58963}.Debug|Any CPU.ActiveCfg = Debug|Any CPU
		{F1369FAC-3D39-43FC-B822-D5EC98E58963}.Debug|Any CPU.Build.0 = Debug|Any CPU
		{F1369FAC-3D39-43FC-B822-D5EC98E58963}.Release|Any CPU.ActiveCfg = Release|Any CPU
		{F1369FAC-3D39-43FC-B822-D5EC98E58963}.Release|Any CPU.Build.0 = Release|Any CPU
		{7EE6DCD9-E715-4379-8F1A-120DB9DC72A3}.Debug|Any CPU.ActiveCfg = Debug|Any CPU
		{7EE6DCD9-E715-4379-8F1A-120DB9DC72A3}.Debug|Any CPU.Build.0 = Debug|Any CPU
		{7EE6DCD9-E715-4379-8F1A-120DB9DC72A3}.Release|Any CPU.ActiveCfg = Release|Any CPU
		{7EE6DCD9-E715-4379-8F1A-120DB9DC72A3}.Release|Any CPU.Build.0 = Release|Any CPU
	EndGlobalSection
	GlobalSection(SolutionProperties) = preSolution
		HideSolutionNode = FALSE
	EndGlobalSection
	GlobalSection(NestedProjects) = preSolution
		{97A13094-F60C-4CAF-B48A-41A6750E70F1} = {516A0642-02C8-4655-A4CC-0C06C9A70C33}
		{7F08900B-4F30-4FBD-90B5-4FE1602C8C26} = {516A0642-02C8-4655-A4CC-0C06C9A70C33}
		{F5114A63-A5EF-4372-B847-F461217D6042} = {516A0642-02C8-4655-A4CC-0C06C9A70C33}
		{35A72E9D-6EBF-4A89-9C5F-3921F7D8778C} = {516A0642-02C8-4655-A4CC-0C06C9A70C33}
		{B1A641BE-D061-4334-AFFB-9E68D203F580} = {97A13094-F60C-4CAF-B48A-41A6750E70F1}
		{3F24DE1D-57D4-4AA4-8D71-3CEB5D11EEB5} = {97A13094-F60C-4CAF-B48A-41A6750E70F1}
		{9EB8331C-5A72-44BB-913F-175FF873CF07} = {97A13094-F60C-4CAF-B48A-41A6750E70F1}
		{D86BB30E-9656-45C5-AF30-2079D44A5079} = {7F08900B-4F30-4FBD-90B5-4FE1602C8C26}
		{50D170A3-9A64-45AD-8F51-89AC6888D461} = {F5114A63-A5EF-4372-B847-F461217D6042}
		{260415F0-6115-4E6D-A0EB-6AA8387763AF} = {B1A641BE-D061-4334-AFFB-9E68D203F580}
		{86A9E66C-08BF-460A-BD7F-03CC9DBC3CB5} = {B1A641BE-D061-4334-AFFB-9E68D203F580}
		{6999E41F-844E-457A-895B-BAAE2AD9F490} = {3F24DE1D-57D4-4AA4-8D71-3CEB5D11EEB5}
		{32A8E939-55CD-4139-AD15-2AFC42749BF2} = {9EB8331C-5A72-44BB-913F-175FF873CF07}
		{DA7B47E8-71BE-4047-B316-390C2676C8C2} = {35A72E9D-6EBF-4A89-9C5F-3921F7D8778C}
		{976E1D3B-A2F2-4D5B-9036-C62DC8C218B9} = {35A72E9D-6EBF-4A89-9C5F-3921F7D8778C}
		{F1369FAC-3D39-43FC-B822-D5EC98E58963} = {35A72E9D-6EBF-4A89-9C5F-3921F7D8778C}
		{7EE6DCD9-E715-4379-8F1A-120DB9DC72A3} = {D86BB30E-9656-45C5-AF30-2079D44A5079}
	EndGlobalSection
	GlobalSection(ExtensibilityGlobals) = postSolution
		SolutionGuid = {1CCA4697-70E4-4664-A57B-EBF224C43E42}
	EndGlobalSection
EndGlobal
